
Microsoft Visual Studio Solution File, Format Version 12.00
# Visual Studio Version 17
VisualStudioVersion = 17.5.002.0
MinimumVisualStudioVersion = 10.0.40219.1
Project("{9A19103F-16F7-4668-BE54-9A1E7A4F7556}") = "MyWebApp", "MyWebApp.csproj", "{33F12A18-97C7-42CA-BA01-B52D4C95A949}"
EndProject
Global
	GlobalSection(SolutionConfigurationPlatforms) = preSolution
		Debug|Any CPU = Debug|Any CPU
		Release|Any CPU = Release|Any CPU
	EndGlobalSection
	GlobalSection(ProjectConfigurationPlatforms) = postSolution
		{33F12A18-97C7-42CA-BA01-B52D4C95A949}.Debug|Any CPU.ActiveCfg = Debug|Any CPU
		{33F12A18-97C7-42CA-BA01-B52D4C95A949}.Debug|Any CPU.Build.0 = Debug|Any CPU
		{33F12A18-97C7-42CA-BA01-B52D4C95A949}.Release|Any CPU.ActiveCfg = Release|Any CPU
		{33F12A18-97C7-42CA-BA01-B52D4C95A949}.Release|Any CPU.Build.0 = Release|Any CPU
	EndGlobalSection
	GlobalSection(SolutionProperties) = preSolution
		HideSolutionNode = FALSE
	EndGlobalSection
	GlobalSection(ExtensibilityGlobals) = postSolution
		SolutionGuid = {EA336E89-0A3E-4104-892F-BC86388CDF24}
	EndGlobalSection
EndGlobal
